// !$*UTF8*$!
{
	archiveVersion = 1;
	classes = {
	};
	objectVersion = 46;
	objects = {

/* Begin PBXBuildFile section */
		9B1044BC22329123001E637B /* FileSizeTransformer.m in Sources */ = {isa = PBXBuildFile; fileRef = 9B1044BB22329123001E637B /* FileSizeTransformer.m */; };
		9B1044BF223296C9001E637B /* BulkOperations.m in Sources */ = {isa = PBXBuildFile; fileRef = 9B1044BE223296C9001E637B /* BulkOperations.m */; };
		9B1044C22232B47C001E637B /* BulkObjectStatusTransformer.m in Sources */ = {isa = PBXBuildFile; fileRef = 9B1044C12232B47C001E637B /* BulkObjectStatusTransformer.m */; };
		9B1044C52232D0E9001E637B /* DownloadTaskDelegate.m in Sources */ = {isa = PBXBuildFile; fileRef = 9B1044C42232D0E9001E637B /* DownloadTaskDelegate.m */; };
		9B1044C82233022C001E637B /* DownloadDelegate.m in Sources */ = {isa = PBXBuildFile; fileRef = 9B1044C72233022C001E637B /* DownloadDelegate.m */; };
		9B24A18122346CB000349A6C /* NegateTransformer.m in Sources */ = {isa = PBXBuildFile; fileRef = 9B24A18022346CB000349A6C /* NegateTransformer.m */; };
		9BA935B9222E8C700066812F /* AppDelegate.m in Sources */ = {isa = PBXBuildFile; fileRef = 9BA935B8222E8C700066812F /* AppDelegate.m */; };
		9BA935BC222E8C700066812F /* main.m in Sources */ = {isa = PBXBuildFile; fileRef = 9BA935BB222E8C700066812F /* main.m */; };
		9BA935BF222E8C700066812F /* ViewController.m in Sources */ = {isa = PBXBuildFile; fileRef = 9BA935BE222E8C700066812F /* ViewController.m */; };
		9BA935C2222E8C700066812F /* ArchiveHunterDownloadManager.xcdatamodeld in Sources */ = {isa = PBXBuildFile; fileRef = 9BA935C0222E8C700066812F /* ArchiveHunterDownloadManager.xcdatamodeld */; };
		9BA935C4222E8C700066812F /* Assets.xcassets in Resources */ = {isa = PBXBuildFile; fileRef = 9BA935C3222E8C700066812F /* Assets.xcassets */; };
		9BA935C7222E8C700066812F /* Main.storyboard in Resources */ = {isa = PBXBuildFile; fileRef = 9BA935C5222E8C700066812F /* Main.storyboard */; };
		9BA935D2222E8C700066812F /* ArchiveHunterDownloadManagerTests.m in Sources */ = {isa = PBXBuildFile; fileRef = 9BA935D1222E8C700066812F /* ArchiveHunterDownloadManagerTests.m */; };
		9BA935DD222E8C700066812F /* ArchiveHunterDownloadManagerUITests.m in Sources */ = {isa = PBXBuildFile; fileRef = 9BA935DC222E8C700066812F /* ArchiveHunterDownloadManagerUITests.m */; };
		9BCA366022300B41004799F4 /* PreferencesController.m in Sources */ = {isa = PBXBuildFile; fileRef = 9BCA365F22300B41004799F4 /* PreferencesController.m */; };
		9BCA366B22312F6F004799F4 /* ServerComms.m in Sources */ = {isa = PBXBuildFile; fileRef = 9BCA366A22312F6F004799F4 /* ServerComms.m */; };
/* End PBXBuildFile section */

/* Begin PBXContainerItemProxy section */
		9BA935CE222E8C700066812F /* PBXContainerItemProxy */ = {
			isa = PBXContainerItemProxy;
			containerPortal = 9BA935AC222E8C700066812F /* Project object */;
			proxyType = 1;
			remoteGlobalIDString = 9BA935B3222E8C700066812F;
			remoteInfo = ArchiveHunterDownloadManager;
		};
		9BA935D9222E8C700066812F /* PBXContainerItemProxy */ = {
			isa = PBXContainerItemProxy;
			containerPortal = 9BA935AC222E8C700066812F /* Project object */;
			proxyType = 1;
			remoteGlobalIDString = 9BA935B3222E8C700066812F;
			remoteInfo = ArchiveHunterDownloadManager;
		};
/* End PBXContainerItemProxy section */

/* Begin PBXFileReference section */
		9B1044BA22329123001E637B /* FileSizeTransformer.h */ = {isa = PBXFileReference; fileEncoding = 4; lastKnownFileType = sourcecode.c.h; path = FileSizeTransformer.h; sourceTree = "<group>"; };
		9B1044BB22329123001E637B /* FileSizeTransformer.m */ = {isa = PBXFileReference; fileEncoding = 4; lastKnownFileType = sourcecode.c.objc; path = FileSizeTransformer.m; sourceTree = "<group>"; };
		9B1044BD223296C9001E637B /* BulkOperations.h */ = {isa = PBXFileReference; fileEncoding = 4; lastKnownFileType = sourcecode.c.h; path = BulkOperations.h; sourceTree = "<group>"; };
		9B1044BE223296C9001E637B /* BulkOperations.m */ = {isa = PBXFileReference; fileEncoding = 4; lastKnownFileType = sourcecode.c.objc; path = BulkOperations.m; sourceTree = "<group>"; };
		9B1044C02232B47C001E637B /* BulkObjectStatusTransformer.h */ = {isa = PBXFileReference; fileEncoding = 4; lastKnownFileType = sourcecode.c.h; path = BulkObjectStatusTransformer.h; sourceTree = "<group>"; };
		9B1044C12232B47C001E637B /* BulkObjectStatusTransformer.m */ = {isa = PBXFileReference; fileEncoding = 4; lastKnownFileType = sourcecode.c.objc; path = BulkObjectStatusTransformer.m; sourceTree = "<group>"; };
		9B1044C32232D0E9001E637B /* DownloadTaskDelegate.h */ = {isa = PBXFileReference; fileEncoding = 4; lastKnownFileType = sourcecode.c.h; path = DownloadTaskDelegate.h; sourceTree = "<group>"; };
		9B1044C42232D0E9001E637B /* DownloadTaskDelegate.m */ = {isa = PBXFileReference; fileEncoding = 4; lastKnownFileType = sourcecode.c.objc; path = DownloadTaskDelegate.m; sourceTree = "<group>"; };
		9B1044C62233022C001E637B /* DownloadDelegate.h */ = {isa = PBXFileReference; fileEncoding = 4; lastKnownFileType = sourcecode.c.h; path = DownloadDelegate.h; sourceTree = "<group>"; };
		9B1044C72233022C001E637B /* DownloadDelegate.m */ = {isa = PBXFileReference; fileEncoding = 4; lastKnownFileType = sourcecode.c.objc; path = DownloadDelegate.m; sourceTree = "<group>"; };
		9B24A17F22346CB000349A6C /* NegateTransformer.h */ = {isa = PBXFileReference; fileEncoding = 4; lastKnownFileType = sourcecode.c.h; path = NegateTransformer.h; sourceTree = "<group>"; };
		9B24A18022346CB000349A6C /* NegateTransformer.m */ = {isa = PBXFileReference; fileEncoding = 4; lastKnownFileType = sourcecode.c.objc; path = NegateTransformer.m; sourceTree = "<group>"; };
		9BA935B4222E8C700066812F /* ArchiveHunterDownloadManager.app */ = {isa = PBXFileReference; explicitFileType = wrapper.application; includeInIndex = 0; path = ArchiveHunterDownloadManager.app; sourceTree = BUILT_PRODUCTS_DIR; };
		9BA935B7222E8C700066812F /* AppDelegate.h */ = {isa = PBXFileReference; lastKnownFileType = sourcecode.c.h; path = AppDelegate.h; sourceTree = "<group>"; };
		9BA935B8222E8C700066812F /* AppDelegate.m */ = {isa = PBXFileReference; lastKnownFileType = sourcecode.c.objc; path = AppDelegate.m; sourceTree = "<group>"; };
		9BA935BB222E8C700066812F /* main.m */ = {isa = PBXFileReference; lastKnownFileType = sourcecode.c.objc; path = main.m; sourceTree = "<group>"; };
		9BA935BD222E8C700066812F /* ViewController.h */ = {isa = PBXFileReference; lastKnownFileType = sourcecode.c.h; path = ViewController.h; sourceTree = "<group>"; };
		9BA935BE222E8C700066812F /* ViewController.m */ = {isa = PBXFileReference; lastKnownFileType = sourcecode.c.objc; path = ViewController.m; sourceTree = "<group>"; };
		9BA935C1222E8C700066812F /* ArchiveHunterDownloadManager.xcdatamodel */ = {isa = PBXFileReference; lastKnownFileType = wrapper.xcdatamodel; path = ArchiveHunterDownloadManager.xcdatamodel; sourceTree = "<group>"; };
		9BA935C3222E8C700066812F /* Assets.xcassets */ = {isa = PBXFileReference; lastKnownFileType = folder.assetcatalog; path = Assets.xcassets; sourceTree = "<group>"; };
		9BA935C6222E8C700066812F /* Base */ = {isa = PBXFileReference; lastKnownFileType = file.storyboard; name = Base; path = Base.lproj/Main.storyboard; sourceTree = "<group>"; };
		9BA935C8222E8C700066812F /* Info.plist */ = {isa = PBXFileReference; lastKnownFileType = text.plist.xml; path = Info.plist; sourceTree = "<group>"; };
		9BA935CD222E8C700066812F /* ArchiveHunterDownloadManagerTests.xctest */ = {isa = PBXFileReference; explicitFileType = wrapper.cfbundle; includeInIndex = 0; path = ArchiveHunterDownloadManagerTests.xctest; sourceTree = BUILT_PRODUCTS_DIR; };
		9BA935D1222E8C700066812F /* ArchiveHunterDownloadManagerTests.m */ = {isa = PBXFileReference; lastKnownFileType = sourcecode.c.objc; path = ArchiveHunterDownloadManagerTests.m; sourceTree = "<group>"; };
		9BA935D3222E8C700066812F /* Info.plist */ = {isa = PBXFileReference; lastKnownFileType = text.plist.xml; path = Info.plist; sourceTree = "<group>"; };
		9BA935D8222E8C700066812F /* ArchiveHunterDownloadManagerUITests.xctest */ = {isa = PBXFileReference; explicitFileType = wrapper.cfbundle; includeInIndex = 0; path = ArchiveHunterDownloadManagerUITests.xctest; sourceTree = BUILT_PRODUCTS_DIR; };
		9BA935DC222E8C700066812F /* ArchiveHunterDownloadManagerUITests.m */ = {isa = PBXFileReference; lastKnownFileType = sourcecode.c.objc; path = ArchiveHunterDownloadManagerUITests.m; sourceTree = "<group>"; };
		9BA935DE222E8C700066812F /* Info.plist */ = {isa = PBXFileReference; lastKnownFileType = text.plist.xml; path = Info.plist; sourceTree = "<group>"; };
		9BCA365E22300B41004799F4 /* PreferencesController.h */ = {isa = PBXFileReference; fileEncoding = 4; lastKnownFileType = sourcecode.c.h; path = PreferencesController.h; sourceTree = "<group>"; };
		9BCA365F22300B41004799F4 /* PreferencesController.m */ = {isa = PBXFileReference; fileEncoding = 4; lastKnownFileType = sourcecode.c.objc; path = PreferencesController.m; sourceTree = "<group>"; };
		9BCA366922312F6F004799F4 /* ServerComms.h */ = {isa = PBXFileReference; fileEncoding = 4; lastKnownFileType = sourcecode.c.h; path = ServerComms.h; sourceTree = "<group>"; };
		9BCA366A22312F6F004799F4 /* ServerComms.m */ = {isa = PBXFileReference; fileEncoding = 4; lastKnownFileType = sourcecode.c.objc; path = ServerComms.m; sourceTree = "<group>"; };
/* End PBXFileReference section */

/* Begin PBXFrameworksBuildPhase section */
		9BA935B1222E8C700066812F /* Frameworks */ = {
			isa = PBXFrameworksBuildPhase;
			buildActionMask = 2147483647;
			files = (
			);
			runOnlyForDeploymentPostprocessing = 0;
		};
		9BA935CA222E8C700066812F /* Frameworks */ = {
			isa = PBXFrameworksBuildPhase;
			buildActionMask = 2147483647;
			files = (
			);
			runOnlyForDeploymentPostprocessing = 0;
		};
		9BA935D5222E8C700066812F /* Frameworks */ = {
			isa = PBXFrameworksBuildPhase;
			buildActionMask = 2147483647;
			files = (
			);
			runOnlyForDeploymentPostprocessing = 0;
		};
/* End PBXFrameworksBuildPhase section */

/* Begin PBXGroup section */
		9B24A17E2233BE8C00349A6C /* NotNeeded */ = {
			isa = PBXGroup;
			children = (
				9B1044C32232D0E9001E637B /* DownloadTaskDelegate.h */,
				9B1044C42232D0E9001E637B /* DownloadTaskDelegate.m */,
			);
			name = NotNeeded;
			sourceTree = "<group>";
		};
		9BA935AB222E8C700066812F = {
			isa = PBXGroup;
			children = (
				9BA935B6222E8C700066812F /* ArchiveHunterDownloadManager */,
				9BA935D0222E8C700066812F /* ArchiveHunterDownloadManagerTests */,
				9BA935DB222E8C700066812F /* ArchiveHunterDownloadManagerUITests */,
				9BA935B5222E8C700066812F /* Products */,
			);
			sourceTree = "<group>";
		};
		9BA935B5222E8C700066812F /* Products */ = {
			isa = PBXGroup;
			children = (
				9BA935B4222E8C700066812F /* ArchiveHunterDownloadManager.app */,
				9BA935CD222E8C700066812F /* ArchiveHunterDownloadManagerTests.xctest */,
				9BA935D8222E8C700066812F /* ArchiveHunterDownloadManagerUITests.xctest */,
			);
			name = Products;
			sourceTree = "<group>";
		};
		9BA935B6222E8C700066812F /* ArchiveHunterDownloadManager */ = {
			isa = PBXGroup;
			children = (
				9B24A17E2233BE8C00349A6C /* NotNeeded */,
				9BA935B7222E8C700066812F /* AppDelegate.h */,
				9BA935B8222E8C700066812F /* AppDelegate.m */,
				9BA935BD222E8C700066812F /* ViewController.h */,
				9BA935BE222E8C700066812F /* ViewController.m */,
				9BA935C3222E8C700066812F /* Assets.xcassets */,
				9BA935C5222E8C700066812F /* Main.storyboard */,
				9BA935C8222E8C700066812F /* Info.plist */,
				9BA935C0222E8C700066812F /* ArchiveHunterDownloadManager.xcdatamodeld */,
				9BA935BA222E8C700066812F /* Supporting Files */,
				9BCA365E22300B41004799F4 /* PreferencesController.h */,
				9BCA365F22300B41004799F4 /* PreferencesController.m */,
				9BCA366922312F6F004799F4 /* ServerComms.h */,
				9BCA366A22312F6F004799F4 /* ServerComms.m */,
				9B1044BA22329123001E637B /* FileSizeTransformer.h */,
				9B1044BB22329123001E637B /* FileSizeTransformer.m */,
				9B1044BD223296C9001E637B /* BulkOperations.h */,
				9B1044BE223296C9001E637B /* BulkOperations.m */,
				9B1044C02232B47C001E637B /* BulkObjectStatusTransformer.h */,
				9B1044C12232B47C001E637B /* BulkObjectStatusTransformer.m */,
				9B1044C62233022C001E637B /* DownloadDelegate.h */,
				9B1044C72233022C001E637B /* DownloadDelegate.m */,
				9B24A17F22346CB000349A6C /* NegateTransformer.h */,
				9B24A18022346CB000349A6C /* NegateTransformer.m */,
			);
			path = ArchiveHunterDownloadManager;
			sourceTree = "<group>";
		};
		9BA935BA222E8C700066812F /* Supporting Files */ = {
			isa = PBXGroup;
			children = (
				9BA935BB222E8C700066812F /* main.m */,
			);
			name = "Supporting Files";
			sourceTree = "<group>";
		};
		9BA935D0222E8C700066812F /* ArchiveHunterDownloadManagerTests */ = {
			isa = PBXGroup;
			children = (
				9BA935D1222E8C700066812F /* ArchiveHunterDownloadManagerTests.m */,
				9BA935D3222E8C700066812F /* Info.plist */,
			);
			path = ArchiveHunterDownloadManagerTests;
			sourceTree = "<group>";
		};
		9BA935DB222E8C700066812F /* ArchiveHunterDownloadManagerUITests */ = {
			isa = PBXGroup;
			children = (
				9BA935DC222E8C700066812F /* ArchiveHunterDownloadManagerUITests.m */,
				9BA935DE222E8C700066812F /* Info.plist */,
			);
			path = ArchiveHunterDownloadManagerUITests;
			sourceTree = "<group>";
		};
/* End PBXGroup section */

/* Begin PBXNativeTarget section */
		9BA935B3222E8C700066812F /* ArchiveHunterDownloadManager */ = {
			isa = PBXNativeTarget;
			buildConfigurationList = 9BA935E1222E8C700066812F /* Build configuration list for PBXNativeTarget "ArchiveHunterDownloadManager" */;
			buildPhases = (
				9BA935B0222E8C700066812F /* Sources */,
				9BA935B1222E8C700066812F /* Frameworks */,
				9BA935B2222E8C700066812F /* Resources */,
			);
			buildRules = (
			);
			dependencies = (
			);
			name = ArchiveHunterDownloadManager;
			productName = ArchiveHunterDownloadManager;
			productReference = 9BA935B4222E8C700066812F /* ArchiveHunterDownloadManager.app */;
			productType = "com.apple.product-type.application";
		};
		9BA935CC222E8C700066812F /* ArchiveHunterDownloadManagerTests */ = {
			isa = PBXNativeTarget;
			buildConfigurationList = 9BA935E4222E8C700066812F /* Build configuration list for PBXNativeTarget "ArchiveHunterDownloadManagerTests" */;
			buildPhases = (
				9BA935C9222E8C700066812F /* Sources */,
				9BA935CA222E8C700066812F /* Frameworks */,
				9BA935CB222E8C700066812F /* Resources */,
			);
			buildRules = (
			);
			dependencies = (
				9BA935CF222E8C700066812F /* PBXTargetDependency */,
			);
			name = ArchiveHunterDownloadManagerTests;
			productName = ArchiveHunterDownloadManagerTests;
			productReference = 9BA935CD222E8C700066812F /* ArchiveHunterDownloadManagerTests.xctest */;
			productType = "com.apple.product-type.bundle.unit-test";
		};
		9BA935D7222E8C700066812F /* ArchiveHunterDownloadManagerUITests */ = {
			isa = PBXNativeTarget;
			buildConfigurationList = 9BA935E7222E8C700066812F /* Build configuration list for PBXNativeTarget "ArchiveHunterDownloadManagerUITests" */;
			buildPhases = (
				9BA935D4222E8C700066812F /* Sources */,
				9BA935D5222E8C700066812F /* Frameworks */,
				9BA935D6222E8C700066812F /* Resources */,
			);
			buildRules = (
			);
			dependencies = (
				9BA935DA222E8C700066812F /* PBXTargetDependency */,
			);
			name = ArchiveHunterDownloadManagerUITests;
			productName = ArchiveHunterDownloadManagerUITests;
			productReference = 9BA935D8222E8C700066812F /* ArchiveHunterDownloadManagerUITests.xctest */;
			productType = "com.apple.product-type.bundle.ui-testing";
		};
/* End PBXNativeTarget section */

/* Begin PBXProject section */
		9BA935AC222E8C700066812F /* Project object */ = {
			isa = PBXProject;
			attributes = {
				LastUpgradeCheck = 0730;
				ORGANIZATIONNAME = "Guardian News and Media";
				TargetAttributes = {
					9BA935B3222E8C700066812F = {
						CreatedOnToolsVersion = 7.3.1;
					};
					9BA935CC222E8C700066812F = {
						CreatedOnToolsVersion = 7.3.1;
						TestTargetID = 9BA935B3222E8C700066812F;
					};
					9BA935D7222E8C700066812F = {
						CreatedOnToolsVersion = 7.3.1;
						TestTargetID = 9BA935B3222E8C700066812F;
					};
				};
			};
			buildConfigurationList = 9BA935AF222E8C700066812F /* Build configuration list for PBXProject "ArchiveHunterDownloadManager" */;
			compatibilityVersion = "Xcode 3.2";
			developmentRegion = English;
			hasScannedForEncodings = 0;
			knownRegions = (
				en,
				Base,
			);
			mainGroup = 9BA935AB222E8C700066812F;
			productRefGroup = 9BA935B5222E8C700066812F /* Products */;
			projectDirPath = "";
			projectRoot = "";
			targets = (
				9BA935B3222E8C700066812F /* ArchiveHunterDownloadManager */,
				9BA935CC222E8C700066812F /* ArchiveHunterDownloadManagerTests */,
				9BA935D7222E8C700066812F /* ArchiveHunterDownloadManagerUITests */,
			);
		};
/* End PBXProject section */

/* Begin PBXResourcesBuildPhase section */
		9BA935B2222E8C700066812F /* Resources */ = {
			isa = PBXResourcesBuildPhase;
			buildActionMask = 2147483647;
			files = (
				9BA935C4222E8C700066812F /* Assets.xcassets in Resources */,
				9BA935C7222E8C700066812F /* Main.storyboard in Resources */,
			);
			runOnlyForDeploymentPostprocessing = 0;
		};
		9BA935CB222E8C700066812F /* Resources */ = {
			isa = PBXResourcesBuildPhase;
			buildActionMask = 2147483647;
			files = (
			);
			runOnlyForDeploymentPostprocessing = 0;
		};
		9BA935D6222E8C700066812F /* Resources */ = {
			isa = PBXResourcesBuildPhase;
			buildActionMask = 2147483647;
			files = (
			);
			runOnlyForDeploymentPostprocessing = 0;
		};
/* End PBXResourcesBuildPhase section */

/* Begin PBXSourcesBuildPhase section */
		9BA935B0222E8C700066812F /* Sources */ = {
			isa = PBXSourcesBuildPhase;
			buildActionMask = 2147483647;
			files = (
				9BCA366022300B41004799F4 /* PreferencesController.m in Sources */,
				9B1044C52232D0E9001E637B /* DownloadTaskDelegate.m in Sources */,
				9B1044BC22329123001E637B /* FileSizeTransformer.m in Sources */,
				9BA935C2222E8C700066812F /* ArchiveHunterDownloadManager.xcdatamodeld in Sources */,
				9B1044C82233022C001E637B /* DownloadDelegate.m in Sources */,
				9BCA366B22312F6F004799F4 /* ServerComms.m in Sources */,
				9BA935BF222E8C700066812F /* ViewController.m in Sources */,
				9B1044BF223296C9001E637B /* BulkOperations.m in Sources */,
				9BA935BC222E8C700066812F /* main.m in Sources */,
				9B24A18122346CB000349A6C /* NegateTransformer.m in Sources */,
				9B1044C22232B47C001E637B /* BulkObjectStatusTransformer.m in Sources */,
				9BA935B9222E8C700066812F /* AppDelegate.m in Sources */,
			);
			runOnlyForDeploymentPostprocessing = 0;
		};
		9BA935C9222E8C700066812F /* Sources */ = {
			isa = PBXSourcesBuildPhase;
			buildActionMask = 2147483647;
			files = (
				9BA935D2222E8C700066812F /* ArchiveHunterDownloadManagerTests.m in Sources */,
			);
			runOnlyForDeploymentPostprocessing = 0;
		};
		9BA935D4222E8C700066812F /* Sources */ = {
			isa = PBXSourcesBuildPhase;
			buildActionMask = 2147483647;
			files = (
				9BA935DD222E8C700066812F /* ArchiveHunterDownloadManagerUITests.m in Sources */,
			);
			runOnlyForDeploymentPostprocessing = 0;
		};
/* End PBXSourcesBuildPhase section */

/* Begin PBXTargetDependency section */
		9BA935CF222E8C700066812F /* PBXTargetDependency */ = {
			isa = PBXTargetDependency;
			target = 9BA935B3222E8C700066812F /* ArchiveHunterDownloadManager */;
			targetProxy = 9BA935CE222E8C700066812F /* PBXContainerItemProxy */;
		};
		9BA935DA222E8C700066812F /* PBXTargetDependency */ = {
			isa = PBXTargetDependency;
			target = 9BA935B3222E8C700066812F /* ArchiveHunterDownloadManager */;
			targetProxy = 9BA935D9222E8C700066812F /* PBXContainerItemProxy */;
		};
/* End PBXTargetDependency section */

/* Begin PBXVariantGroup section */
		9BA935C5222E8C700066812F /* Main.storyboard */ = {
			isa = PBXVariantGroup;
			children = (
				9BA935C6222E8C700066812F /* Base */,
			);
			name = Main.storyboard;
			sourceTree = "<group>";
		};
/* End PBXVariantGroup section */

/* Begin XCBuildConfiguration section */
		9BA935DF222E8C700066812F /* Debug */ = {
			isa = XCBuildConfiguration;
			buildSettings = {
				ALWAYS_SEARCH_USER_PATHS = NO;
				CLANG_ANALYZER_NONNULL = YES;
				CLANG_CXX_LANGUAGE_STANDARD = "gnu++0x";
				CLANG_CXX_LIBRARY = "libc++";
				CLANG_ENABLE_MODULES = YES;
				CLANG_ENABLE_OBJC_ARC = YES;
				CLANG_WARN_BOOL_CONVERSION = YES;
				CLANG_WARN_CONSTANT_CONVERSION = YES;
				CLANG_WARN_DIRECT_OBJC_ISA_USAGE = YES_ERROR;
				CLANG_WARN_EMPTY_BODY = YES;
				CLANG_WARN_ENUM_CONVERSION = YES;
				CLANG_WARN_INT_CONVERSION = YES;
				CLANG_WARN_OBJC_ROOT_CLASS = YES_ERROR;
				CLANG_WARN_UNREACHABLE_CODE = YES;
				CLANG_WARN__DUPLICATE_METHOD_MATCH = YES;
				CODE_SIGN_IDENTITY = "-";
				COPY_PHASE_STRIP = NO;
				DEBUG_INFORMATION_FORMAT = dwarf;
				ENABLE_STRICT_OBJC_MSGSEND = YES;
				ENABLE_TESTABILITY = YES;
				GCC_C_LANGUAGE_STANDARD = gnu99;
				GCC_DYNAMIC_NO_PIC = NO;
				GCC_NO_COMMON_BLOCKS = YES;
				GCC_OPTIMIZATION_LEVEL = 0;
				GCC_PREPROCESSOR_DEFINITIONS = (
					"DEBUG=1",
					"$(inherited)",
				);
				GCC_WARN_64_TO_32_BIT_CONVERSION = YES;
				GCC_WARN_ABOUT_RETURN_TYPE = YES_ERROR;
				GCC_WARN_UNDECLARED_SELECTOR = YES;
				GCC_WARN_UNINITIALIZED_AUTOS = YES_AGGRESSIVE;
				GCC_WARN_UNUSED_FUNCTION = YES;
				GCC_WARN_UNUSED_VARIABLE = YES;
				MACOSX_DEPLOYMENT_TARGET = 10.11;
				MTL_ENABLE_DEBUG_INFO = YES;
				ONLY_ACTIVE_ARCH = YES;
				SDKROOT = macosx;
			};
			name = Debug;
		};
		9BA935E0222E8C700066812F /* Release */ = {
			isa = XCBuildConfiguration;
			buildSettings = {
				ALWAYS_SEARCH_USER_PATHS = NO;
				CLANG_ANALYZER_NONNULL = YES;
				CLANG_CXX_LANGUAGE_STANDARD = "gnu++0x";
				CLANG_CXX_LIBRARY = "libc++";
				CLANG_ENABLE_MODULES = YES;
				CLANG_ENABLE_OBJC_ARC = YES;
				CLANG_WARN_BOOL_CONVERSION = YES;
				CLANG_WARN_CONSTANT_CONVERSION = YES;
				CLANG_WARN_DIRECT_OBJC_ISA_USAGE = YES_ERROR;
				CLANG_WARN_EMPTY_BODY = YES;
				CLANG_WARN_ENUM_CONVERSION = YES;
				CLANG_WARN_INT_CONVERSION = YES;
				CLANG_WARN_OBJC_ROOT_CLASS = YES_ERROR;
				CLANG_WARN_UNREACHABLE_CODE = YES;
				CLANG_WARN__DUPLICATE_METHOD_MATCH = YES;
				CODE_SIGN_IDENTITY = "-";
				COPY_PHASE_STRIP = NO;
				DEBUG_INFORMATION_FORMAT = "dwarf-with-dsym";
				ENABLE_NS_ASSERTIONS = NO;
				ENABLE_STRICT_OBJC_MSGSEND = YES;
				GCC_C_LANGUAGE_STANDARD = gnu99;
				GCC_NO_COMMON_BLOCKS = YES;
				GCC_WARN_64_TO_32_BIT_CONVERSION = YES;
				GCC_WARN_ABOUT_RETURN_TYPE = YES_ERROR;
				GCC_WARN_UNDECLARED_SELECTOR = YES;
				GCC_WARN_UNINITIALIZED_AUTOS = YES_AGGRESSIVE;
				GCC_WARN_UNUSED_FUNCTION = YES;
				GCC_WARN_UNUSED_VARIABLE = YES;
				MACOSX_DEPLOYMENT_TARGET = 10.11;
				MTL_ENABLE_DEBUG_INFO = NO;
				SDKROOT = macosx;
			};
			name = Release;
		};
		9BA935E2222E8C700066812F /* Debug */ = {
			isa = XCBuildConfiguration;
			buildSettings = {
				ASSETCATALOG_COMPILER_APPICON_NAME = AppIcon;
				COMBINE_HIDPI_IMAGES = YES;
				INFOPLIST_FILE = ArchiveHunterDownloadManager/Info.plist;
				LD_RUNPATH_SEARCH_PATHS = "$(inherited) @executable_path/../Frameworks";
				PRODUCT_BUNDLE_IDENTIFIER = com.gu.ArchiveHunterDownloadManager;
				PRODUCT_NAME = "$(TARGET_NAME)";
			};
			name = Debug;
		};
		9BA935E3222E8C700066812F /* Release */ = {
			isa = XCBuildConfiguration;
			buildSettings = {
				ASSETCATALOG_COMPILER_APPICON_NAME = AppIcon;
				COMBINE_HIDPI_IMAGES = YES;
				INFOPLIST_FILE = ArchiveHunterDownloadManager/Info.plist;
				LD_RUNPATH_SEARCH_PATHS = "$(inherited) @executable_path/../Frameworks";
				PRODUCT_BUNDLE_IDENTIFIER = com.gu.ArchiveHunterDownloadManager;
				PRODUCT_NAME = "$(TARGET_NAME)";
			};
			name = Release;
		};
		9BA935E5222E8C700066812F /* Debug */ = {
			isa = XCBuildConfiguration;
			buildSettings = {
				BUNDLE_LOADER = "$(TEST_HOST)";
				COMBINE_HIDPI_IMAGES = YES;
				INFOPLIST_FILE = ArchiveHunterDownloadManagerTests/Info.plist;
				LD_RUNPATH_SEARCH_PATHS = "$(inherited) @executable_path/../Frameworks @loader_path/../Frameworks";
				PRODUCT_BUNDLE_IDENTIFIER = com.gu.ArchiveHunterDownloadManagerTests;
				PRODUCT_NAME = "$(TARGET_NAME)";
				TEST_HOST = "$(BUILT_PRODUCTS_DIR)/ArchiveHunterDownloadManager.app/Contents/MacOS/ArchiveHunterDownloadManager";
			};
			name = Debug;
		};
		9BA935E6222E8C700066812F /* Release */ = {
			isa = XCBuildConfiguration;
			buildSettings = {
				BUNDLE_LOADER = "$(TEST_HOST)";
				COMBINE_HIDPI_IMAGES = YES;
				INFOPLIST_FILE = ArchiveHunterDownloadManagerTests/Info.plist;
				LD_RUNPATH_SEARCH_PATHS = "$(inherited) @executable_path/../Frameworks @loader_path/../Frameworks";
				PRODUCT_BUNDLE_IDENTIFIER = com.gu.ArchiveHunterDownloadManagerTests;
				PRODUCT_NAME = "$(TARGET_NAME)";
				TEST_HOST = "$(BUILT_PRODUCTS_DIR)/ArchiveHunterDownloadManager.app/Contents/MacOS/ArchiveHunterDownloadManager";
			};
			name = Release;
		};
		9BA935E8222E8C700066812F /* Debug */ = {
			isa = XCBuildConfiguration;
			buildSettings = {
				COMBINE_HIDPI_IMAGES = YES;
				INFOPLIST_FILE = ArchiveHunterDownloadManagerUITests/Info.plist;
				LD_RUNPATH_SEARCH_PATHS = "$(inherited) @executable_path/../Frameworks @loader_path/../Frameworks";
				PRODUCT_BUNDLE_IDENTIFIER = com.gu.ArchiveHunterDownloadManagerUITests;
				PRODUCT_NAME = "$(TARGET_NAME)";
				TEST_TARGET_NAME = ArchiveHunterDownloadManager;
			};
			name = Debug;
		};
		9BA935E9222E8C700066812F /* Release */ = {
			isa = XCBuildConfiguration;
			buildSettings = {
				COMBINE_HIDPI_IMAGES = YES;
				INFOPLIST_FILE = ArchiveHunterDownloadManagerUITests/Info.plist;
				LD_RUNPATH_SEARCH_PATHS = "$(inherited) @executable_path/../Frameworks @loader_path/../Frameworks";
				PRODUCT_BUNDLE_IDENTIFIER = com.gu.ArchiveHunterDownloadManagerUITests;
				PRODUCT_NAME = "$(TARGET_NAME)";
				TEST_TARGET_NAME = ArchiveHunterDownloadManager;
			};
			name = Release;
		};
/* End XCBuildConfiguration section */

/* Begin XCConfigurationList section */
		9BA935AF222E8C700066812F /* Build configuration list for PBXProject "ArchiveHunterDownloadManager" */ = {
			isa = XCConfigurationList;
			buildConfigurations = (
				9BA935DF222E8C700066812F /* Debug */,
				9BA935E0222E8C700066812F /* Release */,
			);
			defaultConfigurationIsVisible = 0;
			defaultConfigurationName = Release;
		};
		9BA935E1222E8C700066812F /* Build configuration list for PBXNativeTarget "ArchiveHunterDownloadManager" */ = {
			isa = XCConfigurationList;
			buildConfigurations = (
				9BA935E2222E8C700066812F /* Debug */,
				9BA935E3222E8C700066812F /* Release */,
			);
			defaultConfigurationIsVisible = 0;
			defaultConfigurationName = Release;
		};
		9BA935E4222E8C700066812F /* Build configuration list for PBXNativeTarget "ArchiveHunterDownloadManagerTests" */ = {
			isa = XCConfigurationList;
			buildConfigurations = (
				9BA935E5222E8C700066812F /* Debug */,
				9BA935E6222E8C700066812F /* Release */,
			);
			defaultConfigurationIsVisible = 0;
			defaultConfigurationName = Release;
		};
		9BA935E7222E8C700066812F /* Build configuration list for PBXNativeTarget "ArchiveHunterDownloadManagerUITests" */ = {
			isa = XCConfigurationList;
			buildConfigurations = (
				9BA935E8222E8C700066812F /* Debug */,
				9BA935E9222E8C700066812F /* Release */,
			);
			defaultConfigurationIsVisible = 0;
			defaultConfigurationName = Release;
		};
/* End XCConfigurationList section */

/* Begin XCVersionGroup section */
		9BA935C0222E8C700066812F /* ArchiveHunterDownloadManager.xcdatamodeld */ = {
			isa = XCVersionGroup;
			children = (
				9BA935C1222E8C700066812F /* ArchiveHunterDownloadManager.xcdatamodel */,
			);
			currentVersion = 9BA935C1222E8C700066812F /* ArchiveHunterDownloadManager.xcdatamodel */;
			path = ArchiveHunterDownloadManager.xcdatamodeld;
			sourceTree = "<group>";
			versionGroupType = wrapper.xcdatamodel;
		};
/* End XCVersionGroup section */
	};
	rootObject = 9BA935AC222E8C700066812F /* Project object */;
}
